// !$*UTF8*$!
{
	archiveVersion = 1;
	classes = {
	};
	objectVersion = 46;
	objects = {

/* Begin PBXBuildFile section */
		44392CB41A01DF8D009008F4 /* XBChatTimeLine.plist in Resources */ = {isa = PBXBuildFile; fileRef = 44392CB31A01DF8D009008F4 /* XBChatTimeLine.plist */; };
		4466787B19F750E700A6EE8D /* LoadMoreCell.xib in Resources */ = {isa = PBXBuildFile; fileRef = 4466787019F750E700A6EE8D /* LoadMoreCell.xib */; };
		4466787C19F750E700A6EE8D /* TestCell.xib in Resources */ = {isa = PBXBuildFile; fileRef = 4466787119F750E700A6EE8D /* TestCell.xib */; };
		4466787D19F750E700A6EE8D /* TestCell1.xib in Resources */ = {isa = PBXBuildFile; fileRef = 4466787219F750E700A6EE8D /* TestCell1.xib */; };
		4466787E19F750E700A6EE8D /* TestCellCollection.xib in Resources */ = {isa = PBXBuildFile; fileRef = 4466787319F750E700A6EE8D /* TestCellCollection.xib */; };
		4466787F19F750E700A6EE8D /* TestTableViewData.plist in Resources */ = {isa = PBXBuildFile; fileRef = 4466787419F750E700A6EE8D /* TestTableViewData.plist */; };
		4466788019F750E700A6EE8D /* TestTableViewData1.plist in Resources */ = {isa = PBXBuildFile; fileRef = 4466787519F750E700A6EE8D /* TestTableViewData1.plist */; };
		4466788119F750E700A6EE8D /* VMFeedViewController.plist in Resources */ = {isa = PBXBuildFile; fileRef = 4466787619F750E700A6EE8D /* VMFeedViewController.plist */; };
		4466788219F750E700A6EE8D /* XBMainWindow.xib in Resources */ = {isa = PBXBuildFile; fileRef = 4466787719F750E700A6EE8D /* XBMainWindow.xib */; };
		4466788319F750E700A6EE8D /* XBTestTableViewController.m in Sources */ = {isa = PBXBuildFile; fileRef = 4466787919F750E700A6EE8D /* XBTestTableViewController.m */; };
		4466788419F750E700A6EE8D /* XBTestTableViewController.xib in Resources */ = {isa = PBXBuildFile; fileRef = 4466787A19F750E700A6EE8D /* XBTestTableViewController.xib */; };
		44796D341A00D7330003C574 /* XBChatViewDemo.plist in Resources */ = {isa = PBXBuildFile; fileRef = 44796D331A00D7330003C574 /* XBChatViewDemo.plist */; };
		44796D421A014E790003C574 /* XBChatViewController.xib in Resources */ = {isa = PBXBuildFile; fileRef = 44796D401A014E790003C574 /* XBChatViewController.xib */; };
		5A721586A07CB37BE2185DA4 /* libPods-XBMobile.a in Frameworks */ = {isa = PBXBuildFile; fileRef = 7AF744432D1CB3AD467590E3 /* libPods-XBMobile.a */; };
		6003F58E195388D20070C39A /* Foundation.framework in Frameworks */ = {isa = PBXBuildFile; fileRef = 6003F58D195388D20070C39A /* Foundation.framework */; };
		6003F590195388D20070C39A /* CoreGraphics.framework in Frameworks */ = {isa = PBXBuildFile; fileRef = 6003F58F195388D20070C39A /* CoreGraphics.framework */; };
		6003F592195388D20070C39A /* UIKit.framework in Frameworks */ = {isa = PBXBuildFile; fileRef = 6003F591195388D20070C39A /* UIKit.framework */; };
		6003F598195388D20070C39A /* InfoPlist.strings in Resources */ = {isa = PBXBuildFile; fileRef = 6003F596195388D20070C39A /* InfoPlist.strings */; };
		6003F59A195388D20070C39A /* main.m in Sources */ = {isa = PBXBuildFile; fileRef = 6003F599195388D20070C39A /* main.m */; };
		6003F59E195388D20070C39A /* XBAppDelegate.m in Sources */ = {isa = PBXBuildFile; fileRef = 6003F59D195388D20070C39A /* XBAppDelegate.m */; };
		6003F5A9195388D20070C39A /* Images.xcassets in Resources */ = {isa = PBXBuildFile; fileRef = 6003F5A8195388D20070C39A /* Images.xcassets */; };
		B62436421A170191007161B4 /* XBFormViewController.m in Sources */ = {isa = PBXBuildFile; fileRef = B62436401A170191007161B4 /* XBFormViewController.m */; };
		B62436431A170191007161B4 /* XBFormViewController.xib in Resources */ = {isa = PBXBuildFile; fileRef = B62436411A170191007161B4 /* XBFormViewController.xib */; };
		B62436481A172F02007161B4 /* XBFormViewController.plist in Resources */ = {isa = PBXBuildFile; fileRef = B62436471A172F02007161B4 /* XBFormViewController.plist */; };
		B624364E1A17413D007161B4 /* FormErrorList.plist in Resources */ = {isa = PBXBuildFile; fileRef = B624364D1A17413D007161B4 /* FormErrorList.plist */; };
		B6C64B331A109CD3003B1332 /* XBStaticData.plist in Resources */ = {isa = PBXBuildFile; fileRef = B6C64B321A109CD3003B1332 /* XBStaticData.plist */; };
		B6C64B4F1A10A655003B1332 /* XBStaticDataViewController.m in Sources */ = {isa = PBXBuildFile; fileRef = B6C64B4E1A10A655003B1332 /* XBStaticDataViewController.m */; };
		B6C64B511A10A662003B1332 /* XBStaticDataViewController.xib in Resources */ = {isa = PBXBuildFile; fileRef = B6C64B501A10A662003B1332 /* XBStaticDataViewController.xib */; };
		B6C64B551A10A96F003B1332 /* XBStaticDataCell.xib in Resources */ = {isa = PBXBuildFile; fileRef = B6C64B541A10A96F003B1332 /* XBStaticDataCell.xib */; };
		B6C64B571A10A9AB003B1332 /* XBStaticDataInformation.plist in Resources */ = {isa = PBXBuildFile; fileRef = B6C64B561A10A9AB003B1332 /* XBStaticDataInformation.plist */; };
		B6C64B5B1A1103DA003B1332 /* XBRSSViewController.m in Sources */ = {isa = PBXBuildFile; fileRef = B6C64B591A1103DA003B1332 /* XBRSSViewController.m */; };
		B6C64B5C1A1103DA003B1332 /* XBRSSViewController.xib in Resources */ = {isa = PBXBuildFile; fileRef = B6C64B5A1A1103DA003B1332 /* XBRSSViewController.xib */; };
		B6C64B5E1A110438003B1332 /* XBRSSViewController.plist in Resources */ = {isa = PBXBuildFile; fileRef = B6C64B5D1A110438003B1332 /* XBRSSViewController.plist */; };
		B6C64B601A11160C003B1332 /* XBRSSCell.xib in Resources */ = {isa = PBXBuildFile; fileRef = B6C64B5F1A11160C003B1332 /* XBRSSCell.xib */; };
		B6C64B721A11F937003B1332 /* XBRSSCollectionView.m in Sources */ = {isa = PBXBuildFile; fileRef = B6C64B711A11F937003B1332 /* XBRSSCollectionView.m */; };
		B6C64B741A11F949003B1332 /* XBRSSCollectionView.xib in Resources */ = {isa = PBXBuildFile; fileRef = B6C64B731A11F949003B1332 /* XBRSSCollectionView.xib */; };
		B6C64B761A11F9C4003B1332 /* XBRSSCollectionView.plist in Resources */ = {isa = PBXBuildFile; fileRef = B6C64B751A11F9C4003B1332 /* XBRSSCollectionView.plist */; };
		B6C64B781A11FAB9003B1332 /* XBRSSCollectionCell.xib in Resources */ = {isa = PBXBuildFile; fileRef = B6C64B771A11FAB9003B1332 /* XBRSSCollectionCell.xib */; };
		B6EA5FEA1A28315200A465A1 /* XBTagViewController.m in Sources */ = {isa = PBXBuildFile; fileRef = B6EA5FE81A28315200A465A1 /* XBTagViewController.m */; };
		B6EA5FEB1A28315200A465A1 /* XBTagViewController.xib in Resources */ = {isa = PBXBuildFile; fileRef = B6EA5FE91A28315200A465A1 /* XBTagViewController.xib */; };
		B6EA5FEE1A285F4C00A465A1 /* XBTagViewController.plist in Resources */ = {isa = PBXBuildFile; fileRef = B6EA5FED1A285F4C00A465A1 /* XBTagViewController.plist */; };
		B6EA5FF11A28607800A465A1 /* XBTagViewControllerData.plist in Resources */ = {isa = PBXBuildFile; fileRef = B6EA5FF01A28607800A465A1 /* XBTagViewControllerData.plist */; };
/* End PBXBuildFile section */

/* Begin PBXFileReference section */
		32E31B7DD24C2EE0333B38C7 /* Pods-Tests.release.xcconfig */ = {isa = PBXFileReference; includeInIndex = 1; lastKnownFileType = text.xcconfig; name = "Pods-Tests.release.xcconfig"; path = "Pods/Target Support Files/Pods-Tests/Pods-Tests.release.xcconfig"; sourceTree = "<group>"; };
		419D5CE81EB9E3B04C7E6FCD /* XBMobile.podspec */ = {isa = PBXFileReference; includeInIndex = 1; lastKnownFileType = text; name = XBMobile.podspec; path = ../XBMobile.podspec; sourceTree = "<group>"; };
		44392CB31A01DF8D009008F4 /* XBChatTimeLine.plist */ = {isa = PBXFileReference; fileEncoding = 4; lastKnownFileType = text.plist.xml; path = XBChatTimeLine.plist; sourceTree = "<group>"; };
		4466787019F750E700A6EE8D /* LoadMoreCell.xib */ = {isa = PBXFileReference; fileEncoding = 4; lastKnownFileType = file.xib; path = LoadMoreCell.xib; sourceTree = "<group>"; };
		4466787119F750E700A6EE8D /* TestCell.xib */ = {isa = PBXFileReference; fileEncoding = 4; lastKnownFileType = file.xib; path = TestCell.xib; sourceTree = "<group>"; };
		4466787219F750E700A6EE8D /* TestCell1.xib */ = {isa = PBXFileReference; fileEncoding = 4; lastKnownFileType = file.xib; path = TestCell1.xib; sourceTree = "<group>"; };
		4466787319F750E700A6EE8D /* TestCellCollection.xib */ = {isa = PBXFileReference; fileEncoding = 4; lastKnownFileType = file.xib; path = TestCellCollection.xib; sourceTree = "<group>"; };
		4466787419F750E700A6EE8D /* TestTableViewData.plist */ = {isa = PBXFileReference; fileEncoding = 4; lastKnownFileType = text.plist.xml; path = TestTableViewData.plist; sourceTree = "<group>"; };
		4466787519F750E700A6EE8D /* TestTableViewData1.plist */ = {isa = PBXFileReference; fileEncoding = 4; lastKnownFileType = text.plist.xml; path = TestTableViewData1.plist; sourceTree = "<group>"; };
		4466787619F750E700A6EE8D /* VMFeedViewController.plist */ = {isa = PBXFileReference; fileEncoding = 4; lastKnownFileType = text.plist.xml; path = VMFeedViewController.plist; sourceTree = "<group>"; };
		4466787719F750E700A6EE8D /* XBMainWindow.xib */ = {isa = PBXFileReference; fileEncoding = 4; lastKnownFileType = file.xib; path = XBMainWindow.xib; sourceTree = "<group>"; };
		4466787819F750E700A6EE8D /* XBTestTableViewController.h */ = {isa = PBXFileReference; fileEncoding = 4; lastKnownFileType = sourcecode.c.h; path = XBTestTableViewController.h; sourceTree = "<group>"; };
		4466787919F750E700A6EE8D /* XBTestTableViewController.m */ = {isa = PBXFileReference; fileEncoding = 4; lastKnownFileType = sourcecode.c.objc; path = XBTestTableViewController.m; sourceTree = "<group>"; };
		4466787A19F750E700A6EE8D /* XBTestTableViewController.xib */ = {isa = PBXFileReference; fileEncoding = 4; lastKnownFileType = file.xib; path = XBTestTableViewController.xib; sourceTree = "<group>"; };
		44796D331A00D7330003C574 /* XBChatViewDemo.plist */ = {isa = PBXFileReference; fileEncoding = 4; lastKnownFileType = text.plist.xml; path = XBChatViewDemo.plist; sourceTree = "<group>"; };
		44796D401A014E790003C574 /* XBChatViewController.xib */ = {isa = PBXFileReference; fileEncoding = 4; lastKnownFileType = file.xib; path = XBChatViewController.xib; sourceTree = "<group>"; };
		6003F58A195388D20070C39A /* XBMobile.app */ = {isa = PBXFileReference; explicitFileType = wrapper.application; includeInIndex = 0; path = XBMobile.app; sourceTree = BUILT_PRODUCTS_DIR; };
		6003F58D195388D20070C39A /* Foundation.framework */ = {isa = PBXFileReference; lastKnownFileType = wrapper.framework; name = Foundation.framework; path = System/Library/Frameworks/Foundation.framework; sourceTree = SDKROOT; };
		6003F58F195388D20070C39A /* CoreGraphics.framework */ = {isa = PBXFileReference; lastKnownFileType = wrapper.framework; name = CoreGraphics.framework; path = System/Library/Frameworks/CoreGraphics.framework; sourceTree = SDKROOT; };
		6003F591195388D20070C39A /* UIKit.framework */ = {isa = PBXFileReference; lastKnownFileType = wrapper.framework; name = UIKit.framework; path = System/Library/Frameworks/UIKit.framework; sourceTree = SDKROOT; };
		6003F595195388D20070C39A /* XBMobile-Info.plist */ = {isa = PBXFileReference; lastKnownFileType = text.plist.xml; path = "XBMobile-Info.plist"; sourceTree = "<group>"; };
		6003F597195388D20070C39A /* en */ = {isa = PBXFileReference; lastKnownFileType = text.plist.strings; name = en; path = en.lproj/InfoPlist.strings; sourceTree = "<group>"; };
		6003F599195388D20070C39A /* main.m */ = {isa = PBXFileReference; lastKnownFileType = sourcecode.c.objc; path = main.m; sourceTree = "<group>"; };
		6003F59B195388D20070C39A /* XBMobile-Prefix.pch */ = {isa = PBXFileReference; lastKnownFileType = sourcecode.c.h; path = "XBMobile-Prefix.pch"; sourceTree = "<group>"; };
		6003F59C195388D20070C39A /* XBAppDelegate.h */ = {isa = PBXFileReference; lastKnownFileType = sourcecode.c.h; path = XBAppDelegate.h; sourceTree = "<group>"; };
		6003F59D195388D20070C39A /* XBAppDelegate.m */ = {isa = PBXFileReference; lastKnownFileType = sourcecode.c.objc; path = XBAppDelegate.m; sourceTree = "<group>"; };
		6003F5A8195388D20070C39A /* Images.xcassets */ = {isa = PBXFileReference; lastKnownFileType = folder.assetcatalog; path = Images.xcassets; sourceTree = "<group>"; };
		6003F5AF195388D20070C39A /* XCTest.framework */ = {isa = PBXFileReference; lastKnownFileType = wrapper.framework; name = XCTest.framework; path = Library/Frameworks/XCTest.framework; sourceTree = DEVELOPER_DIR; };
		6003F5B7195388D20070C39A /* Tests-Info.plist */ = {isa = PBXFileReference; lastKnownFileType = text.plist.xml; path = "Tests-Info.plist"; sourceTree = "<group>"; };
		6003F5B9195388D20070C39A /* en */ = {isa = PBXFileReference; lastKnownFileType = text.plist.strings; name = en; path = en.lproj/InfoPlist.strings; sourceTree = "<group>"; };
		6003F5BB195388D20070C39A /* Tests.m */ = {isa = PBXFileReference; lastKnownFileType = sourcecode.c.objc; path = Tests.m; sourceTree = "<group>"; };
		606FC2411953D9B200FFA9A0 /* Tests-Prefix.pch */ = {isa = PBXFileReference; lastKnownFileType = sourcecode.c.h; path = "Tests-Prefix.pch"; sourceTree = "<group>"; };
		77F83ACB39EA9AE93C3235E8 /* libPods-Tests.a */ = {isa = PBXFileReference; explicitFileType = archive.ar; includeInIndex = 0; path = "libPods-Tests.a"; sourceTree = BUILT_PRODUCTS_DIR; };
		7AF744432D1CB3AD467590E3 /* libPods-XBMobile.a */ = {isa = PBXFileReference; explicitFileType = archive.ar; includeInIndex = 0; path = "libPods-XBMobile.a"; sourceTree = BUILT_PRODUCTS_DIR; };
		9592FAA3F7B1877EBA9858F6 /* README.md */ = {isa = PBXFileReference; includeInIndex = 1; lastKnownFileType = net.daringfireball.markdown; name = README.md; path = ../README.md; sourceTree = "<group>"; };
		A104658C15AAA42BBA5441CB /* Pods-XBMobile.debug.xcconfig */ = {isa = PBXFileReference; includeInIndex = 1; lastKnownFileType = text.xcconfig; name = "Pods-XBMobile.debug.xcconfig"; path = "Pods/Target Support Files/Pods-XBMobile/Pods-XBMobile.debug.xcconfig"; sourceTree = "<group>"; };
		A5B8E767C5D9B2853680F682 /* Pods-XBMobile.release.xcconfig */ = {isa = PBXFileReference; includeInIndex = 1; lastKnownFileType = text.xcconfig; name = "Pods-XBMobile.release.xcconfig"; path = "Pods/Target Support Files/Pods-XBMobile/Pods-XBMobile.release.xcconfig"; sourceTree = "<group>"; };
		B624363F1A170191007161B4 /* XBFormViewController.h */ = {isa = PBXFileReference; fileEncoding = 4; lastKnownFileType = sourcecode.c.h; path = XBFormViewController.h; sourceTree = "<group>"; };
		B62436401A170191007161B4 /* XBFormViewController.m */ = {isa = PBXFileReference; fileEncoding = 4; lastKnownFileType = sourcecode.c.objc; path = XBFormViewController.m; sourceTree = "<group>"; };
		B62436411A170191007161B4 /* XBFormViewController.xib */ = {isa = PBXFileReference; fileEncoding = 4; lastKnownFileType = file.xib; path = XBFormViewController.xib; sourceTree = "<group>"; };
		B62436471A172F02007161B4 /* XBFormViewController.plist */ = {isa = PBXFileReference; fileEncoding = 4; lastKnownFileType = text.plist.xml; path = XBFormViewController.plist; sourceTree = "<group>"; };
		B624364D1A17413D007161B4 /* FormErrorList.plist */ = {isa = PBXFileReference; fileEncoding = 4; lastKnownFileType = text.plist.xml; path = FormErrorList.plist; sourceTree = "<group>"; };
		B6C64B321A109CD3003B1332 /* XBStaticData.plist */ = {isa = PBXFileReference; fileEncoding = 4; lastKnownFileType = text.plist.xml; path = XBStaticData.plist; sourceTree = "<group>"; };
		B6C64B4D1A10A655003B1332 /* XBStaticDataViewController.h */ = {isa = PBXFileReference; fileEncoding = 4; lastKnownFileType = sourcecode.c.h; path = XBStaticDataViewController.h; sourceTree = "<group>"; };
		B6C64B4E1A10A655003B1332 /* XBStaticDataViewController.m */ = {isa = PBXFileReference; fileEncoding = 4; lastKnownFileType = sourcecode.c.objc; path = XBStaticDataViewController.m; sourceTree = "<group>"; };
		B6C64B501A10A662003B1332 /* XBStaticDataViewController.xib */ = {isa = PBXFileReference; fileEncoding = 4; lastKnownFileType = file.xib; path = XBStaticDataViewController.xib; sourceTree = "<group>"; };
		B6C64B541A10A96F003B1332 /* XBStaticDataCell.xib */ = {isa = PBXFileReference; fileEncoding = 4; lastKnownFileType = file.xib; path = XBStaticDataCell.xib; sourceTree = "<group>"; };
		B6C64B561A10A9AB003B1332 /* XBStaticDataInformation.plist */ = {isa = PBXFileReference; fileEncoding = 4; lastKnownFileType = text.plist.xml; path = XBStaticDataInformation.plist; sourceTree = "<group>"; };
		B6C64B581A1103DA003B1332 /* XBRSSViewController.h */ = {isa = PBXFileReference; fileEncoding = 4; lastKnownFileType = sourcecode.c.h; path = XBRSSViewController.h; sourceTree = "<group>"; };
		B6C64B591A1103DA003B1332 /* XBRSSViewController.m */ = {isa = PBXFileReference; fileEncoding = 4; lastKnownFileType = sourcecode.c.objc; path = XBRSSViewController.m; sourceTree = "<group>"; };
		B6C64B5A1A1103DA003B1332 /* XBRSSViewController.xib */ = {isa = PBXFileReference; fileEncoding = 4; lastKnownFileType = file.xib; path = XBRSSViewController.xib; sourceTree = "<group>"; };
		B6C64B5D1A110438003B1332 /* XBRSSViewController.plist */ = {isa = PBXFileReference; fileEncoding = 4; lastKnownFileType = text.plist.xml; path = XBRSSViewController.plist; sourceTree = "<group>"; };
		B6C64B5F1A11160C003B1332 /* XBRSSCell.xib */ = {isa = PBXFileReference; fileEncoding = 4; lastKnownFileType = file.xib; path = XBRSSCell.xib; sourceTree = "<group>"; };
		B6C64B701A11F937003B1332 /* XBRSSCollectionView.h */ = {isa = PBXFileReference; fileEncoding = 4; lastKnownFileType = sourcecode.c.h; path = XBRSSCollectionView.h; sourceTree = "<group>"; };
		B6C64B711A11F937003B1332 /* XBRSSCollectionView.m */ = {isa = PBXFileReference; fileEncoding = 4; lastKnownFileType = sourcecode.c.objc; path = XBRSSCollectionView.m; sourceTree = "<group>"; };
		B6C64B731A11F949003B1332 /* XBRSSCollectionView.xib */ = {isa = PBXFileReference; fileEncoding = 4; lastKnownFileType = file.xib; path = XBRSSCollectionView.xib; sourceTree = "<group>"; };
		B6C64B751A11F9C4003B1332 /* XBRSSCollectionView.plist */ = {isa = PBXFileReference; fileEncoding = 4; lastKnownFileType = text.plist.xml; path = XBRSSCollectionView.plist; sourceTree = "<group>"; };
		B6C64B771A11FAB9003B1332 /* XBRSSCollectionCell.xib */ = {isa = PBXFileReference; fileEncoding = 4; lastKnownFileType = file.xib; path = XBRSSCollectionCell.xib; sourceTree = "<group>"; };
		B6EA5FE71A28315200A465A1 /* XBTagViewController.h */ = {isa = PBXFileReference; fileEncoding = 4; lastKnownFileType = sourcecode.c.h; path = XBTagViewController.h; sourceTree = "<group>"; };
		B6EA5FE81A28315200A465A1 /* XBTagViewController.m */ = {isa = PBXFileReference; fileEncoding = 4; lastKnownFileType = sourcecode.c.objc; path = XBTagViewController.m; sourceTree = "<group>"; };
		B6EA5FE91A28315200A465A1 /* XBTagViewController.xib */ = {isa = PBXFileReference; fileEncoding = 4; lastKnownFileType = file.xib; path = XBTagViewController.xib; sourceTree = "<group>"; };
		B6EA5FED1A285F4C00A465A1 /* XBTagViewController.plist */ = {isa = PBXFileReference; fileEncoding = 4; lastKnownFileType = text.plist.xml; path = XBTagViewController.plist; sourceTree = "<group>"; };
		B6EA5FF01A28607800A465A1 /* XBTagViewControllerData.plist */ = {isa = PBXFileReference; fileEncoding = 4; lastKnownFileType = text.plist.xml; path = XBTagViewControllerData.plist; sourceTree = "<group>"; };
		C07622FFAE0E38BAF24C872A /* LICENSE */ = {isa = PBXFileReference; includeInIndex = 1; lastKnownFileType = text; name = LICENSE; path = ../LICENSE; sourceTree = "<group>"; };
		DDDC72761BF70E23254D68D0 /* Pods-Tests.debug.xcconfig */ = {isa = PBXFileReference; includeInIndex = 1; lastKnownFileType = text.xcconfig; name = "Pods-Tests.debug.xcconfig"; path = "Pods/Target Support Files/Pods-Tests/Pods-Tests.debug.xcconfig"; sourceTree = "<group>"; };
/* End PBXFileReference section */

/* Begin PBXFrameworksBuildPhase section */
		6003F587195388D20070C39A /* Frameworks */ = {
			isa = PBXFrameworksBuildPhase;
			buildActionMask = 2147483647;
			files = (
				6003F590195388D20070C39A /* CoreGraphics.framework in Frameworks */,
				6003F592195388D20070C39A /* UIKit.framework in Frameworks */,
				6003F58E195388D20070C39A /* Foundation.framework in Frameworks */,
				5A721586A07CB37BE2185DA4 /* libPods-XBMobile.a in Frameworks */,
			);
			runOnlyForDeploymentPostprocessing = 0;
		};
/* End PBXFrameworksBuildPhase section */

/* Begin PBXGroup section */
		6003F581195388D10070C39A = {
			isa = PBXGroup;
			children = (
				60FF7A9C1954A5C5007DD14C /* Podspec Metadata */,
				6003F593195388D20070C39A /* XBMobile */,
				6003F5B5195388D20070C39A /* Tests */,
				6003F58C195388D20070C39A /* Frameworks */,
				6003F58B195388D20070C39A /* Products */,
				A8C1614B15F3AB1FF4DE29CE /* Pods */,
			);
			sourceTree = "<group>";
		};
		6003F58B195388D20070C39A /* Products */ = {
			isa = PBXGroup;
			children = (
				6003F58A195388D20070C39A /* XBMobile.app */,
			);
			name = Products;
			sourceTree = "<group>";
		};
		6003F58C195388D20070C39A /* Frameworks */ = {
			isa = PBXGroup;
			children = (
				6003F58D195388D20070C39A /* Foundation.framework */,
				6003F58F195388D20070C39A /* CoreGraphics.framework */,
				6003F591195388D20070C39A /* UIKit.framework */,
				6003F5AF195388D20070C39A /* XCTest.framework */,
				77F83ACB39EA9AE93C3235E8 /* libPods-Tests.a */,
				7AF744432D1CB3AD467590E3 /* libPods-XBMobile.a */,
			);
			name = Frameworks;
			sourceTree = "<group>";
		};
		6003F593195388D20070C39A /* XBMobile */ = {
			isa = PBXGroup;
			children = (
				B6C64B2A1A10683A003B1332 /* Main-StaticData */,
				B6EA5FEC1A28315700A465A1 /* Tag */,
				B6585B8F1A16582200841480 /* Form */,
				B6C64B641A11A006003B1332 /* CollectionViewDemo */,
				B6C64B341A109D49003B1332 /* RSS */,
				6003F59C195388D20070C39A /* XBAppDelegate.h */,
				6003F59D195388D20070C39A /* XBAppDelegate.m */,
				4466787819F750E700A6EE8D /* XBTestTableViewController.h */,
				4466787919F750E700A6EE8D /* XBTestTableViewController.m */,
				44796D401A014E790003C574 /* XBChatViewController.xib */,
				44796D331A00D7330003C574 /* XBChatViewDemo.plist */,
				44392CB31A01DF8D009008F4 /* XBChatTimeLine.plist */,
				4466787A19F750E700A6EE8D /* XBTestTableViewController.xib */,
				4466787019F750E700A6EE8D /* LoadMoreCell.xib */,
				4466787119F750E700A6EE8D /* TestCell.xib */,
				4466787219F750E700A6EE8D /* TestCell1.xib */,
				4466787319F750E700A6EE8D /* TestCellCollection.xib */,
				4466787419F750E700A6EE8D /* TestTableViewData.plist */,
				4466787519F750E700A6EE8D /* TestTableViewData1.plist */,
				4466787619F750E700A6EE8D /* VMFeedViewController.plist */,
				4466787719F750E700A6EE8D /* XBMainWindow.xib */,
				6003F5A8195388D20070C39A /* Images.xcassets */,
				6003F594195388D20070C39A /* Supporting Files */,
			);
			path = XBMobile;
			sourceTree = "<group>";
		};
		6003F594195388D20070C39A /* Supporting Files */ = {
			isa = PBXGroup;
			children = (
				6003F595195388D20070C39A /* XBMobile-Info.plist */,
				6003F596195388D20070C39A /* InfoPlist.strings */,
				6003F599195388D20070C39A /* main.m */,
				6003F59B195388D20070C39A /* XBMobile-Prefix.pch */,
			);
			name = "Supporting Files";
			sourceTree = "<group>";
		};
		6003F5B5195388D20070C39A /* Tests */ = {
			isa = PBXGroup;
			children = (
				6003F5BB195388D20070C39A /* Tests.m */,
				6003F5B6195388D20070C39A /* Supporting Files */,
			);
			path = Tests;
			sourceTree = "<group>";
		};
		6003F5B6195388D20070C39A /* Supporting Files */ = {
			isa = PBXGroup;
			children = (
				6003F5B7195388D20070C39A /* Tests-Info.plist */,
				6003F5B8195388D20070C39A /* InfoPlist.strings */,
				606FC2411953D9B200FFA9A0 /* Tests-Prefix.pch */,
			);
			name = "Supporting Files";
			sourceTree = "<group>";
		};
		60FF7A9C1954A5C5007DD14C /* Podspec Metadata */ = {
			isa = PBXGroup;
			children = (
				419D5CE81EB9E3B04C7E6FCD /* XBMobile.podspec */,
				9592FAA3F7B1877EBA9858F6 /* README.md */,
				C07622FFAE0E38BAF24C872A /* LICENSE */,
			);
			name = "Podspec Metadata";
			sourceTree = "<group>";
		};
		A8C1614B15F3AB1FF4DE29CE /* Pods */ = {
			isa = PBXGroup;
			children = (
				DDDC72761BF70E23254D68D0 /* Pods-Tests.debug.xcconfig */,
				32E31B7DD24C2EE0333B38C7 /* Pods-Tests.release.xcconfig */,
				A104658C15AAA42BBA5441CB /* Pods-XBMobile.debug.xcconfig */,
				A5B8E767C5D9B2853680F682 /* Pods-XBMobile.release.xcconfig */,
			);
			name = Pods;
			sourceTree = "<group>";
		};
		B6585B8F1A16582200841480 /* Form */ = {
			isa = PBXGroup;
			children = (
				B624363F1A170191007161B4 /* XBFormViewController.h */,
				B62436401A170191007161B4 /* XBFormViewController.m */,
				B62436411A170191007161B4 /* XBFormViewController.xib */,
				B62436471A172F02007161B4 /* XBFormViewController.plist */,
				B624364D1A17413D007161B4 /* FormErrorList.plist */,
			);
			name = Form;
			sourceTree = "<group>";
		};
		B6C64B2A1A10683A003B1332 /* Main-StaticData */ = {
			isa = PBXGroup;
			children = (
				B6C64B4D1A10A655003B1332 /* XBStaticDataViewController.h */,
				B6C64B4E1A10A655003B1332 /* XBStaticDataViewController.m */,
				B6C64B501A10A662003B1332 /* XBStaticDataViewController.xib */,
				B6C64B541A10A96F003B1332 /* XBStaticDataCell.xib */,
				B6C64B561A10A9AB003B1332 /* XBStaticDataInformation.plist */,
				B6C64B321A109CD3003B1332 /* XBStaticData.plist */,
			);
			name = "Main-StaticData";
			sourceTree = "<group>";
		};
		B6C64B341A109D49003B1332 /* RSS */ = {
			isa = PBXGroup;
			children = (
				B6C64B581A1103DA003B1332 /* XBRSSViewController.h */,
				B6C64B591A1103DA003B1332 /* XBRSSViewController.m */,
				B6C64B5A1A1103DA003B1332 /* XBRSSViewController.xib */,
				B6C64B5D1A110438003B1332 /* XBRSSViewController.plist */,
				B6C64B5F1A11160C003B1332 /* XBRSSCell.xib */,
			);
			name = RSS;
			sourceTree = "<group>";
		};
		B6C64B641A11A006003B1332 /* CollectionViewDemo */ = {
			isa = PBXGroup;
			children = (
				B6C64B701A11F937003B1332 /* XBRSSCollectionView.h */,
				B6C64B711A11F937003B1332 /* XBRSSCollectionView.m */,
				B6C64B731A11F949003B1332 /* XBRSSCollectionView.xib */,
				B6C64B751A11F9C4003B1332 /* XBRSSCollectionView.plist */,
				B6C64B771A11FAB9003B1332 /* XBRSSCollectionCell.xib */,
			);
			name = CollectionViewDemo;
			sourceTree = "<group>";
		};
		B6EA5FEC1A28315700A465A1 /* Tag */ = {
			isa = PBXGroup;
			children = (
				B6EA5FE71A28315200A465A1 /* XBTagViewController.h */,
				B6EA5FE81A28315200A465A1 /* XBTagViewController.m */,
				B6EA5FE91A28315200A465A1 /* XBTagViewController.xib */,
				B6EA5FED1A285F4C00A465A1 /* XBTagViewController.plist */,
				B6EA5FF01A28607800A465A1 /* XBTagViewControllerData.plist */,
			);
			name = Tag;
			sourceTree = "<group>";
		};
/* End PBXGroup section */

/* Begin PBXNativeTarget section */
		6003F589195388D20070C39A /* XBMobile */ = {
			isa = PBXNativeTarget;
			buildConfigurationList = 6003F5BF195388D20070C39A /* Build configuration list for PBXNativeTarget "XBMobile" */;
			buildPhases = (
				DCAB81D4AD42EFFBA585CDA3 /* Check Pods Manifest.lock */,
				6003F586195388D20070C39A /* Sources */,
				6003F587195388D20070C39A /* Frameworks */,
				6003F588195388D20070C39A /* Resources */,
				8B584E6DD64A6FE040238FA3 /* Copy Pods Resources */,
			);
			buildRules = (
			);
			dependencies = (
			);
			name = XBMobile;
			productName = XBMobile;
			productReference = 6003F58A195388D20070C39A /* XBMobile.app */;
			productType = "com.apple.product-type.application";
		};
/* End PBXNativeTarget section */

/* Begin PBXProject section */
		6003F582195388D10070C39A /* Project object */ = {
			isa = PBXProject;
			attributes = {
				CLASSPREFIX = XB;
				LastUpgradeCheck = 0510;
				ORGANIZATIONNAME = "Eugene Nguyen";
			};
			buildConfigurationList = 6003F585195388D10070C39A /* Build configuration list for PBXProject "XBMobile" */;
			compatibilityVersion = "Xcode 3.2";
			developmentRegion = English;
			hasScannedForEncodings = 0;
			knownRegions = (
				en,
				Base,
			);
			mainGroup = 6003F581195388D10070C39A;
			productRefGroup = 6003F58B195388D20070C39A /* Products */;
			projectDirPath = "";
			projectRoot = "";
			targets = (
				6003F589195388D20070C39A /* XBMobile */,
			);
		};
/* End PBXProject section */

/* Begin PBXResourcesBuildPhase section */
		6003F588195388D20070C39A /* Resources */ = {
			isa = PBXResourcesBuildPhase;
			buildActionMask = 2147483647;
			files = (
				B6EA5FEE1A285F4C00A465A1 /* XBTagViewController.plist in Resources */,
				B62436481A172F02007161B4 /* XBFormViewController.plist in Resources */,
				4466788419F750E700A6EE8D /* XBTestTableViewController.xib in Resources */,
				B6C64B551A10A96F003B1332 /* XBStaticDataCell.xib in Resources */,
				4466787B19F750E700A6EE8D /* LoadMoreCell.xib in Resources */,
				B6C64B571A10A9AB003B1332 /* XBStaticDataInformation.plist in Resources */,
				B6EA5FEB1A28315200A465A1 /* XBTagViewController.xib in Resources */,
				4466787D19F750E700A6EE8D /* TestCell1.xib in Resources */,
				4466787E19F750E700A6EE8D /* TestCellCollection.xib in Resources */,
				B6C64B781A11FAB9003B1332 /* XBRSSCollectionCell.xib in Resources */,
				B6C64B511A10A662003B1332 /* XBStaticDataViewController.xib in Resources */,
				B6C64B741A11F949003B1332 /* XBRSSCollectionView.xib in Resources */,
				4466788219F750E700A6EE8D /* XBMainWindow.xib in Resources */,
				B62436431A170191007161B4 /* XBFormViewController.xib in Resources */,
				44392CB41A01DF8D009008F4 /* XBChatTimeLine.plist in Resources */,
				6003F5A9195388D20070C39A /* Images.xcassets in Resources */,
				4466788019F750E700A6EE8D /* TestTableViewData1.plist in Resources */,
				4466787F19F750E700A6EE8D /* TestTableViewData.plist in Resources */,
				44796D341A00D7330003C574 /* XBChatViewDemo.plist in Resources */,
				44796D421A014E790003C574 /* XBChatViewController.xib in Resources */,
				B624364E1A17413D007161B4 /* FormErrorList.plist in Resources */,
				B6C64B5C1A1103DA003B1332 /* XBRSSViewController.xib in Resources */,
				6003F598195388D20070C39A /* InfoPlist.strings in Resources */,
				B6C64B5E1A110438003B1332 /* XBRSSViewController.plist in Resources */,
				B6EA5FF11A28607800A465A1 /* XBTagViewControllerData.plist in Resources */,
				4466787C19F750E700A6EE8D /* TestCell.xib in Resources */,
				B6C64B761A11F9C4003B1332 /* XBRSSCollectionView.plist in Resources */,
				B6C64B331A109CD3003B1332 /* XBStaticData.plist in Resources */,
				4466788119F750E700A6EE8D /* VMFeedViewController.plist in Resources */,
				B6C64B601A11160C003B1332 /* XBRSSCell.xib in Resources */,
			);
			runOnlyForDeploymentPostprocessing = 0;
		};
/* End PBXResourcesBuildPhase section */

/* Begin PBXShellScriptBuildPhase section */
		8B584E6DD64A6FE040238FA3 /* Copy Pods Resources */ = {
			isa = PBXShellScriptBuildPhase;
			buildActionMask = 2147483647;
			files = (
			);
			inputPaths = (
			);
			name = "Copy Pods Resources";
			outputPaths = (
			);
			runOnlyForDeploymentPostprocessing = 0;
			shellPath = /bin/sh;
			shellScript = "\"${SRCROOT}/Pods/Target Support Files/Pods-XBMobile/Pods-XBMobile-resources.sh\"\n";
			showEnvVarsInLog = 0;
		};
		DCAB81D4AD42EFFBA585CDA3 /* Check Pods Manifest.lock */ = {
			isa = PBXShellScriptBuildPhase;
			buildActionMask = 2147483647;
			files = (
			);
			inputPaths = (
			);
			name = "Check Pods Manifest.lock";
			outputPaths = (
			);
			runOnlyForDeploymentPostprocessing = 0;
			shellPath = /bin/sh;
			shellScript = "diff \"${PODS_ROOT}/../Podfile.lock\" \"${PODS_ROOT}/Manifest.lock\" > /dev/null\nif [[ $? != 0 ]] ; then\n    cat << EOM\nerror: The sandbox is not in sync with the Podfile.lock. Run 'pod install' or update your CocoaPods installation.\nEOM\n    exit 1\nfi\n";
			showEnvVarsInLog = 0;
		};
/* End PBXShellScriptBuildPhase section */

/* Begin PBXSourcesBuildPhase section */
		6003F586195388D20070C39A /* Sources */ = {
			isa = PBXSourcesBuildPhase;
			buildActionMask = 2147483647;
			files = (
				B6C64B4F1A10A655003B1332 /* XBStaticDataViewController.m in Sources */,
				4466788319F750E700A6EE8D /* XBTestTableViewController.m in Sources */,
				B6C64B5B1A1103DA003B1332 /* XBRSSViewController.m in Sources */,
				6003F59E195388D20070C39A /* XBAppDelegate.m in Sources */,
				B62436421A170191007161B4 /* XBFormViewController.m in Sources */,
				B6EA5FEA1A28315200A465A1 /* XBTagViewController.m in Sources */,
				6003F59A195388D20070C39A /* main.m in Sources */,
				B6C64B721A11F937003B1332 /* XBRSSCollectionView.m in Sources */,
			);
			runOnlyForDeploymentPostprocessing = 0;
		};
/* End PBXSourcesBuildPhase section */

/* Begin PBXVariantGroup section */
		6003F596195388D20070C39A /* InfoPlist.strings */ = {
			isa = PBXVariantGroup;
			children = (
				6003F597195388D20070C39A /* en */,
			);
			name = InfoPlist.strings;
			sourceTree = "<group>";
		};
		6003F5B8195388D20070C39A /* InfoPlist.strings */ = {
			isa = PBXVariantGroup;
			children = (
				6003F5B9195388D20070C39A /* en */,
			);
			name = InfoPlist.strings;
			sourceTree = "<group>";
		};
/* End PBXVariantGroup section */

/* Begin XCBuildConfiguration section */
		6003F5BD195388D20070C39A /* Debug */ = {
			isa = XCBuildConfiguration;
			buildSettings = {
				ALWAYS_SEARCH_USER_PATHS = NO;
				CLANG_CXX_LANGUAGE_STANDARD = "gnu++0x";
				CLANG_CXX_LIBRARY = "libc++";
				CLANG_ENABLE_MODULES = YES;
				CLANG_ENABLE_OBJC_ARC = YES;
				CLANG_WARN_BOOL_CONVERSION = YES;
				CLANG_WARN_CONSTANT_CONVERSION = YES;
				CLANG_WARN_DIRECT_OBJC_ISA_USAGE = YES_ERROR;
				CLANG_WARN_EMPTY_BODY = YES;
				CLANG_WARN_ENUM_CONVERSION = YES;
				CLANG_WARN_INT_CONVERSION = YES;
				CLANG_WARN_OBJC_ROOT_CLASS = YES_ERROR;
				CLANG_WARN__DUPLICATE_METHOD_MATCH = YES;
				"CODE_SIGN_IDENTITY[sdk=iphoneos*]" = "iPhone Developer";
				COPY_PHASE_STRIP = NO;
				GCC_C_LANGUAGE_STANDARD = gnu99;
				GCC_DYNAMIC_NO_PIC = NO;
				GCC_OPTIMIZATION_LEVEL = 0;
				GCC_PREPROCESSOR_DEFINITIONS = (
					"DEBUG=1",
					"$(inherited)",
				);
				GCC_SYMBOLS_PRIVATE_EXTERN = NO;
				GCC_WARN_64_TO_32_BIT_CONVERSION = YES;
				GCC_WARN_ABOUT_RETURN_TYPE = YES_ERROR;
				GCC_WARN_UNDECLARED_SELECTOR = YES;
				GCC_WARN_UNINITIALIZED_AUTOS = YES_AGGRESSIVE;
				GCC_WARN_UNUSED_FUNCTION = YES;
				GCC_WARN_UNUSED_VARIABLE = YES;
				HEADER_SEARCH_PATHS = (
					"$(inherited)",
					/Applications/Xcode.app/Contents/Developer/Toolchains/XcodeDefault.xctoolchain/usr/include,
					"$(SDKROOT)/usr/include/libxml2",
				);
				IPHONEOS_DEPLOYMENT_TARGET = 7.1;
				ONLY_ACTIVE_ARCH = YES;
				OTHER_LDFLAGS = "$(inherited)";
				SDKROOT = iphoneos;
				TARGETED_DEVICE_FAMILY = "1,2";
				USER_HEADER_SEARCH_PATHS = "$(inherited)";
			};
			name = Debug;
		};
		6003F5BE195388D20070C39A /* Release */ = {
			isa = XCBuildConfiguration;
			buildSettings = {
				ALWAYS_SEARCH_USER_PATHS = NO;
				CLANG_CXX_LANGUAGE_STANDARD = "gnu++0x";
				CLANG_CXX_LIBRARY = "libc++";
				CLANG_ENABLE_MODULES = YES;
				CLANG_ENABLE_OBJC_ARC = YES;
				CLANG_WARN_BOOL_CONVERSION = YES;
				CLANG_WARN_CONSTANT_CONVERSION = YES;
				CLANG_WARN_DIRECT_OBJC_ISA_USAGE = YES_ERROR;
				CLANG_WARN_EMPTY_BODY = YES;
				CLANG_WARN_ENUM_CONVERSION = YES;
				CLANG_WARN_INT_CONVERSION = YES;
				CLANG_WARN_OBJC_ROOT_CLASS = YES_ERROR;
				CLANG_WARN__DUPLICATE_METHOD_MATCH = YES;
				"CODE_SIGN_IDENTITY[sdk=iphoneos*]" = "iPhone Developer";
				COPY_PHASE_STRIP = YES;
				ENABLE_NS_ASSERTIONS = NO;
				GCC_C_LANGUAGE_STANDARD = gnu99;
				GCC_WARN_64_TO_32_BIT_CONVERSION = YES;
				GCC_WARN_ABOUT_RETURN_TYPE = YES_ERROR;
				GCC_WARN_UNDECLARED_SELECTOR = YES;
				GCC_WARN_UNINITIALIZED_AUTOS = YES_AGGRESSIVE;
				GCC_WARN_UNUSED_FUNCTION = YES;
				GCC_WARN_UNUSED_VARIABLE = YES;
				HEADER_SEARCH_PATHS = (
					"$(inherited)",
					/Applications/Xcode.app/Contents/Developer/Toolchains/XcodeDefault.xctoolchain/usr/include,
					"$(SDKROOT)/usr/include/libxml2",
				);
				IPHONEOS_DEPLOYMENT_TARGET = 7.1;
				OTHER_LDFLAGS = "$(inherited)";
				SDKROOT = iphoneos;
				TARGETED_DEVICE_FAMILY = "1,2";
				USER_HEADER_SEARCH_PATHS = "$(inherited)";
				VALIDATE_PRODUCT = YES;
			};
			name = Release;
		};
		6003F5C0195388D20070C39A /* Debug */ = {
			isa = XCBuildConfiguration;
			baseConfigurationReference = A104658C15AAA42BBA5441CB /* Pods-XBMobile.debug.xcconfig */;
			buildSettings = {
				ASSETCATALOG_COMPILER_APPICON_NAME = AppIcon;
				ASSETCATALOG_COMPILER_LAUNCHIMAGE_NAME = LaunchImage;
				GCC_PRECOMPILE_PREFIX_HEADER = YES;
				GCC_PREFIX_HEADER = "XBMobile/XBMobile-Prefix.pch";
				HEADER_SEARCH_PATHS = (
					"$(inherited)",
					"\"${PODS_ROOT}/Headers/Public\"",
					"\"${PODS_ROOT}/Headers/Public/ASIHTTPRequest\"",
					"\"${PODS_ROOT}/Headers/Public/CocoaAsyncSocket\"",
					"\"${PODS_ROOT}/Headers/Public/CocoaLumberjack\"",
					"\"${PODS_ROOT}/Headers/Public/JSONKit-NoWarning\"",
					"\"${PODS_ROOT}/Headers/Public/MBProgressHUD\"",
					"\"${PODS_ROOT}/Headers/Public/NSLogger\"",
					"\"${PODS_ROOT}/Headers/Public/NSLogger-CocoaLumberjack-connector\"",
					"\"${PODS_ROOT}/Headers/Public/Reachability\"",
					"\"${PODS_ROOT}/Headers/Public/SDWebImage\"",
					"\"${PODS_ROOT}/Headers/Public/XBMobile\"",
					"\"${PODS_ROOT}/Headers/Public/XMPPFramework\"",
					"$(SDKROOT)/usr/include/libxml2",
					"$(SDKROOT)/usr/include/libresolv",
				);
				INFOPLIST_FILE = "XBMobile/XBMobile-Info.plist";
				OTHER_LDFLAGS = (
					"-ObjC",
					"-l\"Pods-XBMobile-ASIHTTPRequest\"",
					"-l\"Pods-XBMobile-CocoaLumberjack\"",
					"-l\"Pods-XBMobile-JSONKit-NoWarning\"",
					"-l\"Pods-XBMobile-MBProgressHUD\"",
					"-l\"Pods-XBMobile-Reachability\"",
					"-l\"Pods-XBMobile-SDWebImage\"",
					"-l\"Pods-XBMobile-XBMobile\"",
					"-l\"resolv\"",
					"-lxml2",
					"-l\"z.1\"",
					"-l\"Pods-XBMobile-AVHexColor\"",
					"-l\"Pods-XBMobile-CHTCollectionViewWaterfallLayout\"",
					"$(inherited)",
				);
				PRODUCT_NAME = "$(TARGET_NAME)";
				TARGETED_DEVICE_FAMILY = 1;
				WRAPPER_EXTENSION = app;
			};
			name = Debug;
		};
		6003F5C1195388D20070C39A /* Release */ = {
			isa = XCBuildConfiguration;
			baseConfigurationReference = A5B8E767C5D9B2853680F682 /* Pods-XBMobile.release.xcconfig */;
			buildSettings = {
				ASSETCATALOG_COMPILER_APPICON_NAME = AppIcon;
				ASSETCATALOG_COMPILER_LAUNCHIMAGE_NAME = LaunchImage;
				GCC_PRECOMPILE_PREFIX_HEADER = YES;
				GCC_PREFIX_HEADER = "XBMobile/XBMobile-Prefix.pch";
				HEADER_SEARCH_PATHS = (
					"$(inherited)",
					"\"${PODS_ROOT}/Headers/Public\"",
					"\"${PODS_ROOT}/Headers/Public/ASIHTTPRequest\"",
					"\"${PODS_ROOT}/Headers/Public/CocoaAsyncSocket\"",
					"\"${PODS_ROOT}/Headers/Public/CocoaLumberjack\"",
					"\"${PODS_ROOT}/Headers/Public/JSONKit-NoWarning\"",
					"\"${PODS_ROOT}/Headers/Public/MBProgressHUD\"",
					"\"${PODS_ROOT}/Headers/Public/NSLogger\"",
					"\"${PODS_ROOT}/Headers/Public/NSLogger-CocoaLumberjack-connector\"",
					"\"${PODS_ROOT}/Headers/Public/Reachability\"",
					"\"${PODS_ROOT}/Headers/Public/SDWebImage\"",
					"\"${PODS_ROOT}/Headers/Public/XBMobile\"",
					"\"${PODS_ROOT}/Headers/Public/XMPPFramework\"",
					"$(SDKROOT)/usr/include/libxml2",
					"$(SDKROOT)/usr/include/libresolv",
				);
				INFOPLIST_FILE = "XBMobile/XBMobile-Info.plist";
				OTHER_LDFLAGS = (
					"-ObjC",
					"-l\"Pods-XBMobile-ASIHTTPRequest\"",
					"-l\"Pods-XBMobile-CocoaLumberjack\"",
					"-l\"Pods-XBMobile-JSONKit-NoWarning\"",
					"-l\"Pods-XBMobile-MBProgressHUD\"",
					"-l\"Pods-XBMobile-Reachability\"",
					"-l\"Pods-XBMobile-SDWebImage\"",
					"-l\"Pods-XBMobile-XBMobile\"",
					"-l\"resolv\"",
					"-lxml2",
					"-l\"z.1\"",
					"-l\"Pods-XBMobile-AVHexColor\"",
					"-l\"Pods-XBMobile-CHTCollectionViewWaterfallLayout\"",
					"$(inherited)",
				);
				PRODUCT_NAME = "$(TARGET_NAME)";
				TARGETED_DEVICE_FAMILY = 1;
				WRAPPER_EXTENSION = app;
			};
			name = Release;
		};
/* End XCBuildConfiguration section */

/* Begin XCConfigurationList section */
		6003F585195388D10070C39A /* Build configuration list for PBXProject "XBMobile" */ = {
			isa = XCConfigurationList;
			buildConfigurations = (
				6003F5BD195388D20070C39A /* Debug */,
				6003F5BE195388D20070C39A /* Release */,
			);
			defaultConfigurationIsVisible = 0;
			defaultConfigurationName = Release;
		};
		6003F5BF195388D20070C39A /* Build configuration list for PBXNativeTarget "XBMobile" */ = {
			isa = XCConfigurationList;
			buildConfigurations = (
				6003F5C0195388D20070C39A /* Debug */,
				6003F5C1195388D20070C39A /* Release */,
			);
			defaultConfigurationIsVisible = 0;
			defaultConfigurationName = Release;
		};
/* End XCConfigurationList section */
	};
	rootObject = 6003F582195388D10070C39A /* Project object */;
}
